
Microsoft Visual Studio Solution File, Format Version 12.00
# Visual Studio Version 17
VisualStudioVersion = 17.0.31903.59
MinimumVisualStudioVersion = 10.0.40219.1
Project("{FAE04EC0-301F-11D3-BF4B-00C04F79EFBC}") = "Facturacion.Shared", "Facturacion.Shared\Facturacion.Shared.csproj", "{474A00F1-2E41-48A4-B0CA-F15592918C17}"
EndProject
Project("{FAE04EC0-301F-11D3-BF4B-00C04F79EFBC}") = "Facturacion.Backend", "Facturacion.Backend\Facturacion.Backend.csproj", "{F272C985-F86B-4F7B-B8B5-984B2E7EC84B}"
EndProject
Project("{FAE04EC0-301F-11D3-BF4B-00C04F79EFBC}") = "Facturacion.Frontend", "Facturacion.Frontend\Facturacion.Frontend.csproj", "{71E4003B-4C66-439D-8151-F9904EF671CB}"
EndProject
Global
	GlobalSection(SolutionConfigurationPlatforms) = preSolution
		Debug|Any CPU = Debug|Any CPU
		Release|Any CPU = Release|Any CPU
	EndGlobalSection
	GlobalSection(SolutionProperties) = preSolution
		HideSolutionNode = FALSE
	EndGlobalSection
	GlobalSection(ProjectConfigurationPlatforms) = postSolution
		{474A00F1-2E41-48A4-B0CA-F15592918C17}.Debug|Any CPU.ActiveCfg = Debug|Any CPU
		{474A00F1-2E41-48A4-B0CA-F15592918C17}.Debug|Any CPU.Build.0 = Debug|Any CPU
		{474A00F1-2E41-48A4-B0CA-F15592918C17}.Release|Any CPU.ActiveCfg = Release|Any CPU
		{474A00F1-2E41-48A4-B0CA-F15592918C17}.Release|Any CPU.Build.0 = Release|Any CPU
		{F272C985-F86B-4F7B-B8B5-984B2E7EC84B}.Debug|Any CPU.ActiveCfg = Debug|Any CPU
		{F272C985-F86B-4F7B-B8B5-984B2E7EC84B}.Debug|Any CPU.Build.0 = Debug|Any CPU
		{F272C985-F86B-4F7B-B8B5-984B2E7EC84B}.Release|Any CPU.ActiveCfg = Release|Any CPU
		{F272C985-F86B-4F7B-B8B5-984B2E7EC84B}.Release|Any CPU.Build.0 = Release|Any CPU
		{71E4003B-4C66-439D-8151-F9904EF671CB}.Debug|Any CPU.ActiveCfg = Debug|Any CPU
		{71E4003B-4C66-439D-8151-F9904EF671CB}.Debug|Any CPU.Build.0 = Debug|Any CPU
		{71E4003B-4C66-439D-8151-F9904EF671CB}.Release|Any CPU.ActiveCfg = Release|Any CPU
		{71E4003B-4C66-439D-8151-F9904EF671CB}.Release|Any CPU.Build.0 = Release|Any CPU
	EndGlobalSection
EndGlobal
